
Microsoft Visual Studio Solution File, Format Version 12.00
# Visual Studio Version 16
VisualStudioVersion = 16.0.29215.179
MinimumVisualStudioVersion = 15.0.26124.0
Project("{FAE04EC0-301F-11D3-BF4B-00C04F79EFBC}") = "Server", "src\Server\Server.csproj", "{E4FBE55B-AE88-452A-84F9-E60D957FFD65}"
EndProject
Project("{FAE04EC0-301F-11D3-BF4B-00C04F79EFBC}") = "Client", "src\Client\Client.csproj", "{6666C1D8-CFB3-4DB3-9C83-62ACE6BC2D03}"
EndProject
Project("{FAE04EC0-301F-11D3-BF4B-00C04F79EFBC}") = "Shared", "src\Shared\Shared.csproj", "{23AE284E-1026-4F7F-A29B-9483C2044152}"
EndProject
Global
	GlobalSection(SolutionConfigurationPlatforms) = preSolution
		Debug|Any CPU = Debug|Any CPU
		Release|Any CPU = Release|Any CPU
	EndGlobalSection
	GlobalSection(ProjectConfigurationPlatforms) = postSolution
		{E4FBE55B-AE88-452A-84F9-E60D957FFD65}.Debug|Any CPU.ActiveCfg = Debug|Any CPU
		{E4FBE55B-AE88-452A-84F9-E60D957FFD65}.Debug|Any CPU.Build.0 = Debug|Any CPU
		{E4FBE55B-AE88-452A-84F9-E60D957FFD65}.Release|Any CPU.ActiveCfg = Release|Any CPU
		{E4FBE55B-AE88-452A-84F9-E60D957FFD65}.Release|Any CPU.Build.0 = Release|Any CPU
		{6666C1D8-CFB3-4DB3-9C83-62ACE6BC2D03}.Debug|Any CPU.ActiveCfg = Debug|Any CPU
		{6666C1D8-CFB3-4DB3-9C83-62ACE6BC2D03}.Debug|Any CPU.Build.0 = Debug|Any CPU
		{6666C1D8-CFB3-4DB3-9C83-62ACE6BC2D03}.Release|Any CPU.ActiveCfg = Release|Any CPU
		{6666C1D8-CFB3-4DB3-9C83-62ACE6BC2D03}.Release|Any CPU.Build.0 = Release|Any CPU
		{23AE284E-1026-4F7F-A29B-9483C2044152}.Debug|Any CPU.ActiveCfg = Debug|Any CPU
		{23AE284E-1026-4F7F-A29B-9483C2044152}.Debug|Any CPU.Build.0 = Debug|Any CPU
		{23AE284E-1026-4F7F-A29B-9483C2044152}.Release|Any CPU.ActiveCfg = Release|Any CPU
		{23AE284E-1026-4F7F-A29B-9483C2044152}.Release|Any CPU.Build.0 = Release|Any CPU
	EndGlobalSection
	GlobalSection(SolutionProperties) = preSolution
		HideSolutionNode = FALSE
	EndGlobalSection
	GlobalSection(ExtensibilityGlobals) = postSolution
		SolutionGuid = {93A952BC-B70D-4337-9FC2-5999C41C3562}
	EndGlobalSection
EndGlobal
